
Microsoft Visual Studio Solution File, Format Version 12.00
# Visual Studio Version 16
VisualStudioVersion = 16.0.31025.194
MinimumVisualStudioVersion = 10.0.40219.1
Project("{FAE04EC0-301F-11D3-BF4B-00C04F79EFBC}") = "Visual.Galaxy.Framework", "Visual.Galaxy.Framework.csproj", "{3218CE16-153E-43DA-9E07-A0F9DE363E8B}"
EndProject
Global
	GlobalSection(SolutionConfigurationPlatforms) = preSolution
		Debug|Any CPU = Debug|Any CPU
		Release|Any CPU = Release|Any CPU
	EndGlobalSection
	GlobalSection(ProjectConfigurationPlatforms) = postSolution
		{3218CE16-153E-43DA-9E07-A0F9DE363E8B}.Debug|Any CPU.ActiveCfg = Debug|Any CPU
		{3218CE16-153E-43DA-9E07-A0F9DE363E8B}.Debug|Any CPU.Build.0 = Debug|Any CPU
		{3218CE16-153E-43DA-9E07-A0F9DE363E8B}.Release|Any CPU.ActiveCfg = Release|Any CPU
		{3218CE16-153E-43DA-9E07-A0F9DE363E8B}.Release|Any CPU.Build.0 = Release|Any CPU
	EndGlobalSection
	GlobalSection(SolutionProperties) = preSolution
		HideSolutionNode = FALSE
	EndGlobalSection
	GlobalSection(ExtensibilityGlobals) = postSolution
		SolutionGuid = {622BB443-08D1-4C6A-9A2B-C72424E6B223}
	EndGlobalSection
EndGlobal
